{
  "nodes": {
    "biscuit-desktop": {
      "flake": false,
      "locked": {
        "lastModified": 1786683537,
        "narHash": "sha256-ydJ1VytCyYlwKUSwPcsAqrufCaxBRhq7p3V9X8SDbIY=",
        "owner": "OldJobobo",
        "repo": "omarchy-biscuit-de-mar-dark-theme",
        "rev": "e87f5f2eba826c2a2863ba038fd708a7a38a1016",
        "type": "github"
      },
      "original": {
        "owner": "OldJobobo",
        "repo": "omarchy-biscuit-de-mar-dark-theme",
        "type": "github"
      }
    },
    "biscuit-gtk": {
      "flake": false,
      "locked": {
        "lastModified": 1696876646,
        "narHash": "sha256-lEUqube0mvPLhN1prQ5IypspnJ244byu2IQSn6Vr8QE=",
        "owner": "Biscuit-Theme",
        "repo": "gtk",
        "rev": "024685f1fed60b861e4589993c98103c6af6d906",
        "type": "github"
      },
      "original": {
        "owner": "Biscuit-Theme",
        "repo": "gtk",
        "type": "github"
      }
    },
    "biscuit-nvim": {
      "flake": false,
      "locked": {
        "lastModified": 1718787789,
        "narHash": "sha256-rHtMScH9z/x8+oRQa4kMObblx0XumV5UwkyaHFnbNbc=",
        "owner": "Biscuit-Theme",
        "repo": "nvim",
        "rev": "1307d875ac42c5bf620b311781de7211521a0e42",
        "type": "github"
      },
      "original": {
        "owner": "Biscuit-Theme",
        "repo": "nvim",
        "type": "github"
      }
    },
    "home-manager": {
      "inputs": {
        "nixpkgs": [
          "nixpkgs"
        ]
      },
      "locked": {
        "lastModified": 1787680808,
        "narHash": "sha256-9168tNt0NZdtlx5RM5huEuc9NCWMLACJA9O4UK/l2Zc=",
        "owner": "nix-community",
        "repo": "home-manager",
        "rev": "6840c9a8f50722944eb106ce8bb237c138584f2a",
        "type": "github"
      },
      "original": {
        "owner": "nix-community",
        "repo": "home-manager",
        "type": "github"
      }
    },
    "kickstart-nvim": {
      "flake": false,
      "locked": {
        "lastModified": 1786117481,
        "narHash": "sha256-g9CoQAzAUqcaDPhIWkiRgZykgJDQozC26ZLHyDAffXM=",
        "owner": "nvim-lua",
        "repo": "kickstart.nvim",
        "rev": "626c660f54054953e630bef85fdf65e159c7516a",
        "type": "github"
      },
      "original": {
        "owner": "nvim-lua",
        "repo": "kickstart.nvim",
        "type": "github"
      }
    },
    "nixpkgs": {
      "locked": {
        "lastModified": 1787498568,
        "narHash": "sha256-9i/VTdusq/+NM/tz+J1Re+ojkMB8MBf0QshnYfzHz30=",
        "owner": "NixOS",
        "repo": "nixpkgs",
        "rev": "56c02bc00adcf003215cc4bd996d6efaf4cff188",
        "type": "github"
      },
      "original": {
        "owner": "NixOS",
        "ref": "nixos-unstable",
        "repo": "nixpkgs",
        "type": "github"
      }
    },
    "root": {
      "inputs": {
        "biscuit-desktop": "biscuit-desktop",
        "biscuit-gtk": "biscuit-gtk",
        "biscuit-nvim": "biscuit-nvim",
        "home-manager": "home-manager",
        "kickstart-nvim": "kickstart-nvim",
        "nixpkgs": "nixpkgs",
        "wlctl": "wlctl",
        "x1e-nixos-config": "x1e-nixos-config",
        "zen-browser": "zen-browser"
      }
    },
    "wlctl": {
      "inputs": {
        "nixpkgs": [
          "nixpkgs"
        ]
      },
      "locked": {
        "lastModified": 1787245917,
        "narHash": "sha256-ecjh4pYRLb0Ic/gWmfvEakzeQXhTfBe+zCFtqCsGeKw=",
        "owner": "aashish-thapa",
        "repo": "wlctl",
        "rev": "d08033112918388fab1c44ac54fcf5b53cfcc504",
        "type": "github"
      },
      "original": {
        "owner": "aashish-thapa",
        "repo": "wlctl",
        "type": "github"
      }
    },
    "x1e-nixos-config": {
      "inputs": {
        "nixpkgs": [
          "nixpkgs"
        ]
      },
      "locked": {
        "lastModified": 1760225811,
        "narHash": "sha256-hq14CPivJF7VVG92XoZgvfYcHQHXC/nIwktIp5yyrhQ=",
        "owner": "JamiKettunen",
        "repo": "x1e-vivobook-nixos-config",
        "rev": "83f1db015007018330871d99cbe07a78da385192",
        "type": "github"
      },
      "original": {
        "owner": "JamiKettunen",
        "ref": "vivobook",
        "repo": "x1e-vivobook-nixos-config",
        "type": "github"
      }
    },
    "zen-browser": {
      "inputs": {
        "home-manager": [
          "home-manager"
        ],
        "nixpkgs": [
          "nixpkgs"
        ]
      },
      "locked": {
        "lastModified": 1787540616,
        "narHash": "sha256-c+dIgStaq3qNaQxhAiiXY3upNTIdn7tCcqPnwsmKTmY=",
        "owner": "0xc000022070",
        "repo": "zen-browser-flake",
        "rev": "51df7b8cbb0fcba14a9b159531ef48d0cd69dde9",
        "type": "github"
      },
      "original": {
        "owner": "0xc000022070",
        "repo": "zen-browser-flake",
        "type": "github"
      }
    }
  },
  "root": "root",
  "version": 7
}
